
Microsoft Visual Studio Solution File, Format Version 12.00
# Visual Studio Version 16
VisualStudioVersion = 16.0.30011.22
MinimumVisualStudioVersion = 10.0.40219.1
Project("{FAE04EC0-301F-11D3-BF4B-00C04F79EFBC}") = "WebApp", "WebApp\WebApp.csproj", "{A6AD99C3-D81F-4E6A-97FF-6F30536915EF}"
EndProject
Project("{FAE04EC0-301F-11D3-BF4B-00C04F79EFBC}") = "NorthwindSystem", "NorthwindSystem\NorthwindSystem.csproj", "{AF621EEB-DF6E-4AE6-B6DB-B95B741C4197}"
EndProject
Global
	GlobalSection(SolutionConfigurationPlatforms) = preSolution
		Debug|Any CPU = Debug|Any CPU
		Release|Any CPU = Release|Any CPU
	EndGlobalSection
	GlobalSection(ProjectConfigurationPlatforms) = postSolution
		{A6AD99C3-D81F-4E6A-97FF-6F30536915EF}.Debug|Any CPU.ActiveCfg = Debug|Any CPU
		{A6AD99C3-D81F-4E6A-97FF-6F30536915EF}.Debug|Any CPU.Build.0 = Debug|Any CPU
		{A6AD99C3-D81F-4E6A-97FF-6F30536915EF}.Release|Any CPU.ActiveCfg = Release|Any CPU
		{A6AD99C3-D81F-4E6A-97FF-6F30536915EF}.Release|Any CPU.Build.0 = Release|Any CPU
		{AF621EEB-DF6E-4AE6-B6DB-B95B741C4197}.Debug|Any CPU.ActiveCfg = Debug|Any CPU
		{AF621EEB-DF6E-4AE6-B6DB-B95B741C4197}.Debug|Any CPU.Build.0 = Debug|Any CPU
		{AF621EEB-DF6E-4AE6-B6DB-B95B741C4197}.Release|Any CPU.ActiveCfg = Release|Any CPU
		{AF621EEB-DF6E-4AE6-B6DB-B95B741C4197}.Release|Any CPU.Build.0 = Release|Any CPU
	EndGlobalSection
	GlobalSection(SolutionProperties) = preSolution
		HideSolutionNode = FALSE
	EndGlobalSection
	GlobalSection(ExtensibilityGlobals) = postSolution
		SolutionGuid = {ED0E5160-59EA-41BE-99E6-C055BEF6DB51}
	EndGlobalSection
EndGlobal
